# THIS IS AN AUTOGENERATED FILE. DO NOT EDIT THIS FILE DIRECTLY.
# yarn lockfile v1


"@rbxts/beacon@^2.0.0":
  version "2.0.0"
  resolved "https://registry.yarnpkg.com/@rbxts/beacon/-/beacon-2.0.0.tgz#b3870f67b4365feb188f5336f4c5ad5e676b382e"
  integrity sha512-FqkylUxFAbZwQkctCrXNw/4FHwH2qusxh3viYcfe1Qr3Uh/87hEvpMv84rNxC/x0ip4bg3+7ZpgQ4GCbwdIGGg==

"@rbxts/compiler-types@^2.1.0-types.1":
  version "2.1.0-types.1"
  resolved "https://registry.yarnpkg.com/@rbxts/compiler-types/-/compiler-types-2.1.0-types.1.tgz#60eb32109fc2299826fd5d1e8f4e7cfc08d9a5ae"
  integrity sha512-+ztwutzuNivWsgsERiC7n5il4C5gfJUuGJUmXYRq8FwY4ye3aupRi9RocmyAHq6255sO7z+RM61AVbqx3llsLQ==

"@rbxts/event-emitter@file:../rbxts-event-emitter-v1.1.0.tgz":
  version "1.1.0"
  resolved "file:../rbxts-event-emitter-v1.1.0.tgz#525eb45de1b303d6d77ec8d84dbc5dcae4b1b966"
  dependencies:
    "@rbxts/beacon" "^2.0.0"
    "@rbxts/signal" "^1.1.1"

"@rbxts/signal@^1.1.1":
  version "1.1.1"
  resolved "https://registry.yarnpkg.com/@rbxts/signal/-/signal-1.1.1.tgz#247847f9c8fa403849847e7319b57e5cb1718f52"
  integrity sha512-WX+ONE+ld4pG9PvRkR8OgDld9NpaV1RfXyUIw+Q2oXP/5rehkYzvt20NWtrLAP3NhMc5inYInLd+hnufey6nFw==

"@rbxts/types@^1.0.666":
  version "1.0.666"
  resolved "https://registry.yarnpkg.com/@rbxts/types/-/types-1.0.666.tgz#cea8668eedf258b81bee13d17b888c954fccf6e4"
  integrity sha512-RojFPadmM65dE7ZjmjI+AE8M6XWKX5y8/AwC0HbuLcOORGt00ouTkHCRmzv+nxfEQ3+qF3Lz8Dsyef9+i2/wkw==

typescript@^5.0.2:
  version "5.0.2"
  resolved "https://registry.yarnpkg.com/typescript/-/typescript-5.0.2.tgz#891e1a90c5189d8506af64b9ef929fca99ba1ee5"
  integrity sha512-wVORMBGO/FAs/++blGNeAVdbNKtIh1rbBL2EyQ1+J9lClJ93KiiKe8PmFIVdXhHcyv44SL9oglmfeSsndo0jRw==
